{
  "name": "tello-test-drone",
  "version": "1.0.0",
  "lockfileVersion": 1,
  "requires": true,
  "dependencies": {
    "tello-drone": {
      "version": "3.0.6",
      "resolved": "https://registry.npmjs.org/tello-drone/-/tello-drone-3.0.6.tgz",
      "integrity": "sha512-pUYRzYUaLEW7rACerheHGahBsDxyJP1gEH49RuAz1rcvJGlCKDxmfd101bYS8+hfdL28tSIUECh/uKppfsft+w=="
    }
  }
}
